github.com/tniedbala/tempe-go v0.0.0-20250201210023-71a30d02283f h1:pDCUdRIKujiJ0ljDwYVtbI2CPLLJQ9gJdJe4xetOulU=
github.com/tniedbala/tempe-go v0.0.0-20250201210023-71a30d02283f/go.mod h1:EgizgbB/qsRqoJ9e0I6GNmNDL5E0S2tWXmRtC5fxoyE=
gopkg.in/check.v1 v0.0.0-20161208181325-20d25e280405 h1:yhCVgyC4o1eVCa2tZl7eS0r+SDo693bJlVdllGtEeKM=
gopkg.in/check.v1 v0.0.0-20161208181325-20d25e280405/go.mod h1:Co6ibVJAznAaIkqp8huTwlJQCZ016jof/cbN4VW5Yz0=
gopkg.in/yaml.v3 v3.0.1 h1:fxVm/GzAzEWqLHuvctI91KS9hhNmmWOoWu0XTYJS7CA=
gopkg.in/yaml.v3 v3.0.1/go.mod h1:K4uyk7z7BCEPqu6E+C64Yfv1cQ7kz7rIZviUmN+EgEM=
